// !$*UTF8*$!
{
	archiveVersion = 1;
	classes = {
	};
	objectVersion = 46;
	objects = {

/* Begin PBXBuildFile section */
		AE7B5D7E1B3477BF00CC19E4 /* Player.swift in Sources */ = {isa = PBXBuildFile; fileRef = AE7B5D7D1B3477BF00CC19E4 /* Player.swift */; };
		AE876D821B346C0E00EC8CBD /* PieceNode.swift in Sources */ = {isa = PBXBuildFile; fileRef = AE876D811B346C0E00EC8CBD /* PieceNode.swift */; };
		AEAF38AC1B305E1500EFF030 /* AppDelegate.swift in Sources */ = {isa = PBXBuildFile; fileRef = AEAF38AB1B305E1500EFF030 /* AppDelegate.swift */; };
		AEAF38AE1B305E1500EFF030 /* GameScene.swift in Sources */ = {isa = PBXBuildFile; fileRef = AEAF38AD1B305E1500EFF030 /* GameScene.swift */; };
		AEAF38B01B305E1500EFF030 /* GameScene.sks in Resources */ = {isa = PBXBuildFile; fileRef = AEAF38AF1B305E1500EFF030 /* GameScene.sks */; };
		AEAF38B21B305E1500EFF030 /* Assets.xcassets in Resources */ = {isa = PBXBuildFile; fileRef = AEAF38B11B305E1500EFF030 /* Assets.xcassets */; };
		AEAF38B51B305E1500EFF030 /* MainMenu.xib in Resources */ = {isa = PBXBuildFile; fileRef = AEAF38B31B305E1500EFF030 /* MainMenu.xib */; };
		AEAF38C01B305E1500EFF030 /* HnefataflTests.swift in Sources */ = {isa = PBXBuildFile; fileRef = AEAF38BF1B305E1500EFF030 /* HnefataflTests.swift */; };
/* End PBXBuildFile section */

/* Begin PBXContainerItemProxy section */
		AEAF38BC1B305E1500EFF030 /* PBXContainerItemProxy */ = {
			isa = PBXContainerItemProxy;
			containerPortal = AEAF38A01B305E1500EFF030 /* Project object */;
			proxyType = 1;
			remoteGlobalIDString = AEAF38A71B305E1500EFF030;
			remoteInfo = Hnefatafl;
		};
/* End PBXContainerItemProxy section */

/* Begin PBXFileReference section */
		AE34D95B1B30602F00A5A7FF /* README.md */ = {isa = PBXFileReference; lastKnownFileType = net.daringfireball.markdown; path = README.md; sourceTree = "<group>"; };
		AE7B5D7D1B3477BF00CC19E4 /* Player.swift */ = {isa = PBXFileReference; fileEncoding = 4; lastKnownFileType = sourcecode.swift; path = Player.swift; sourceTree = "<group>"; };
		AE876D811B346C0E00EC8CBD /* PieceNode.swift */ = {isa = PBXFileReference; fileEncoding = 4; lastKnownFileType = sourcecode.swift; path = PieceNode.swift; sourceTree = "<group>"; };
		AEAF38A81B305E1500EFF030 /* Hnefatafl.app */ = {isa = PBXFileReference; explicitFileType = wrapper.application; includeInIndex = 0; path = Hnefatafl.app; sourceTree = BUILT_PRODUCTS_DIR; };
		AEAF38AB1B305E1500EFF030 /* AppDelegate.swift */ = {isa = PBXFileReference; lastKnownFileType = sourcecode.swift; path = AppDelegate.swift; sourceTree = "<group>"; };
		AEAF38AD1B305E1500EFF030 /* GameScene.swift */ = {isa = PBXFileReference; lastKnownFileType = sourcecode.swift; path = GameScene.swift; sourceTree = "<group>"; };
		AEAF38AF1B305E1500EFF030 /* GameScene.sks */ = {isa = PBXFileReference; lastKnownFileType = file.sks; path = GameScene.sks; sourceTree = "<group>"; };
		AEAF38B11B305E1500EFF030 /* Assets.xcassets */ = {isa = PBXFileReference; lastKnownFileType = folder.assetcatalog; path = Assets.xcassets; sourceTree = "<group>"; };
		AEAF38B41B305E1500EFF030 /* Base */ = {isa = PBXFileReference; lastKnownFileType = file.xib; name = Base; path = Base.lproj/MainMenu.xib; sourceTree = "<group>"; };
		AEAF38B61B305E1500EFF030 /* Info.plist */ = {isa = PBXFileReference; lastKnownFileType = text.plist.xml; path = Info.plist; sourceTree = "<group>"; };
		AEAF38BB1B305E1500EFF030 /* HnefataflTests.xctest */ = {isa = PBXFileReference; explicitFileType = wrapper.cfbundle; includeInIndex = 0; path = HnefataflTests.xctest; sourceTree = BUILT_PRODUCTS_DIR; };
		AEAF38BF1B305E1500EFF030 /* HnefataflTests.swift */ = {isa = PBXFileReference; lastKnownFileType = sourcecode.swift; path = HnefataflTests.swift; sourceTree = "<group>"; };
		AEAF38C11B305E1500EFF030 /* Info.plist */ = {isa = PBXFileReference; lastKnownFileType = text.plist.xml; path = Info.plist; sourceTree = "<group>"; };
/* End PBXFileReference section */

/* Begin PBXFrameworksBuildPhase section */
		AEAF38A51B305E1500EFF030 /* Frameworks */ = {
			isa = PBXFrameworksBuildPhase;
			buildActionMask = 2147483647;
			files = (
			);
			runOnlyForDeploymentPostprocessing = 0;
		};
		AEAF38B81B305E1500EFF030 /* Frameworks */ = {
			isa = PBXFrameworksBuildPhase;
			buildActionMask = 2147483647;
			files = (
			);
			runOnlyForDeploymentPostprocessing = 0;
		};
/* End PBXFrameworksBuildPhase section */

/* Begin PBXGroup section */
		AE7B5D7C1B34714A00CC19E4 /* Pieces */ = {
			isa = PBXGroup;
			children = (
				AE876D811B346C0E00EC8CBD /* PieceNode.swift */,
			);
			name = Pieces;
			sourceTree = "<group>";
		};
		AEAF389F1B305E1500EFF030 = {
			isa = PBXGroup;
			children = (
				AE34D95B1B30602F00A5A7FF /* README.md */,
				AEAF38AA1B305E1500EFF030 /* Hnefatafl */,
				AEAF38BE1B305E1500EFF030 /* HnefataflTests */,
				AEAF38A91B305E1500EFF030 /* Products */,
			);
			sourceTree = "<group>";
		};
		AEAF38A91B305E1500EFF030 /* Products */ = {
			isa = PBXGroup;
			children = (
				AEAF38A81B305E1500EFF030 /* Hnefatafl.app */,
				AEAF38BB1B305E1500EFF030 /* HnefataflTests.xctest */,
			);
			name = Products;
			sourceTree = "<group>";
		};
		AEAF38AA1B305E1500EFF030 /* Hnefatafl */ = {
			isa = PBXGroup;
			children = (
				AE7B5D7D1B3477BF00CC19E4 /* Player.swift */,
				AE7B5D7C1B34714A00CC19E4 /* Pieces */,
				AEAF38AB1B305E1500EFF030 /* AppDelegate.swift */,
				AEAF38AD1B305E1500EFF030 /* GameScene.swift */,
				AEAF38AF1B305E1500EFF030 /* GameScene.sks */,
				AEAF38B11B305E1500EFF030 /* Assets.xcassets */,
				AEAF38B31B305E1500EFF030 /* MainMenu.xib */,
				AEAF38B61B305E1500EFF030 /* Info.plist */,
			);
			path = Hnefatafl;
			sourceTree = "<group>";
		};
		AEAF38BE1B305E1500EFF030 /* HnefataflTests */ = {
			isa = PBXGroup;
			children = (
				AEAF38BF1B305E1500EFF030 /* HnefataflTests.swift */,
				AEAF38C11B305E1500EFF030 /* Info.plist */,
			);
			path = HnefataflTests;
			sourceTree = "<group>";
		};
/* End PBXGroup section */

/* Begin PBXNativeTarget section */
		AEAF38A71B305E1500EFF030 /* Hnefatafl */ = {
			isa = PBXNativeTarget;
			buildConfigurationList = AEAF38C41B305E1500EFF030 /* Build configuration list for PBXNativeTarget "Hnefatafl" */;
			buildPhases = (
				AEAF38A41B305E1500EFF030 /* Sources */,
				AEAF38A51B305E1500EFF030 /* Frameworks */,
				AEAF38A61B305E1500EFF030 /* Resources */,
			);
			buildRules = (
			);
			dependencies = (
			);
			name = Hnefatafl;
			productName = Hnefatafl;
			productReference = AEAF38A81B305E1500EFF030 /* Hnefatafl.app */;
			productType = "com.apple.product-type.application";
		};
		AEAF38BA1B305E1500EFF030 /* HnefataflTests */ = {
			isa = PBXNativeTarget;
			buildConfigurationList = AEAF38C71B305E1500EFF030 /* Build configuration list for PBXNativeTarget "HnefataflTests" */;
			buildPhases = (
				AEAF38B71B305E1500EFF030 /* Sources */,
				AEAF38B81B305E1500EFF030 /* Frameworks */,
				AEAF38B91B305E1500EFF030 /* Resources */,
			);
			buildRules = (
			);
			dependencies = (
				AEAF38BD1B305E1500EFF030 /* PBXTargetDependency */,
			);
			name = HnefataflTests;
			productName = HnefataflTests;
			productReference = AEAF38BB1B305E1500EFF030 /* HnefataflTests.xctest */;
			productType = "com.apple.product-type.bundle.unit-test";
		};
/* End PBXNativeTarget section */

/* Begin PBXProject section */
		AEAF38A01B305E1500EFF030 /* Project object */ = {
			isa = PBXProject;
			attributes = {
				LastUpgradeCheck = 0700;
				ORGANIZATIONNAME = "Yannick Weiss";
				TargetAttributes = {
					AEAF38A71B305E1500EFF030 = {
						CreatedOnToolsVersion = 7.0;
					};
					AEAF38BA1B305E1500EFF030 = {
						CreatedOnToolsVersion = 7.0;
						TestTargetID = AEAF38A71B305E1500EFF030;
					};
				};
			};
			buildConfigurationList = AEAF38A31B305E1500EFF030 /* Build configuration list for PBXProject "Hnefatafl" */;
			compatibilityVersion = "Xcode 3.2";
			developmentRegion = English;
			hasScannedForEncodings = 0;
			knownRegions = (
				en,
				Base,
			);
			mainGroup = AEAF389F1B305E1500EFF030;
			productRefGroup = AEAF38A91B305E1500EFF030 /* Products */;
			projectDirPath = "";
			projectRoot = "";
			targets = (
				AEAF38A71B305E1500EFF030 /* Hnefatafl */,
				AEAF38BA1B305E1500EFF030 /* HnefataflTests */,
			);
		};
/* End PBXProject section */

/* Begin PBXResourcesBuildPhase section */
		AEAF38A61B305E1500EFF030 /* Resources */ = {
			isa = PBXResourcesBuildPhase;
			buildActionMask = 2147483647;
			files = (
				AEAF38B21B305E1500EFF030 /* Assets.xcassets in Resources */,
				AEAF38B01B305E1500EFF030 /* GameScene.sks in Resources */,
				AEAF38B51B305E1500EFF030 /* MainMenu.xib in Resources */,
			);
			runOnlyForDeploymentPostprocessing = 0;
		};
		AEAF38B91B305E1500EFF030 /* Resources */ = {
			isa = PBXResourcesBuildPhase;
			buildActionMask = 2147483647;
			files = (
			);
			runOnlyForDeploymentPostprocessing = 0;
		};
/* End PBXResourcesBuildPhase section */

/* Begin PBXSourcesBuildPhase section */
		AEAF38A41B305E1500EFF030 /* Sources */ = {
			isa = PBXSourcesBuildPhase;
			buildActionMask = 2147483647;
			files = (
				AE7B5D7E1B3477BF00CC19E4 /* Player.swift in Sources */,
				AEAF38AE1B305E1500EFF030 /* GameScene.swift in Sources */,
				AEAF38AC1B305E1500EFF030 /* AppDelegate.swift in Sources */,
				AE876D821B346C0E00EC8CBD /* PieceNode.swift in Sources */,
			);
			runOnlyForDeploymentPostprocessing = 0;
		};
		AEAF38B71B305E1500EFF030 /* Sources */ = {
			isa = PBXSourcesBuildPhase;
			buildActionMask = 2147483647;
			files = (
				AEAF38C01B305E1500EFF030 /* HnefataflTests.swift in Sources */,
			);
			runOnlyForDeploymentPostprocessing = 0;
		};
/* End PBXSourcesBuildPhase section */

/* Begin PBXTargetDependency section */
		AEAF38BD1B305E1500EFF030 /* PBXTargetDependency */ = {
			isa = PBXTargetDependency;
			target = AEAF38A71B305E1500EFF030 /* Hnefatafl */;
			targetProxy = AEAF38BC1B305E1500EFF030 /* PBXContainerItemProxy */;
		};
/* End PBXTargetDependency section */

/* Begin PBXVariantGroup section */
		AEAF38B31B305E1500EFF030 /* MainMenu.xib */ = {
			isa = PBXVariantGroup;
			children = (
				AEAF38B41B305E1500EFF030 /* Base */,
			);
			name = MainMenu.xib;
			sourceTree = "<group>";
		};
/* End PBXVariantGroup section */

/* Begin XCBuildConfiguration section */
		AEAF38C21B305E1500EFF030 /* Debug */ = {
			isa = XCBuildConfiguration;
			buildSettings = {
				ALWAYS_SEARCH_USER_PATHS = NO;
				CLANG_CXX_LANGUAGE_STANDARD = "gnu++0x";
				CLANG_CXX_LIBRARY = "libc++";
				CLANG_ENABLE_MODULES = YES;
				CLANG_ENABLE_OBJC_ARC = YES;
				CLANG_WARN_BOOL_CONVERSION = YES;
				CLANG_WARN_CONSTANT_CONVERSION = YES;
				CLANG_WARN_DIRECT_OBJC_ISA_USAGE = YES_ERROR;
				CLANG_WARN_EMPTY_BODY = YES;
				CLANG_WARN_ENUM_CONVERSION = YES;
				CLANG_WARN_INT_CONVERSION = YES;
				CLANG_WARN_OBJC_ROOT_CLASS = YES_ERROR;
				CLANG_WARN_UNREACHABLE_CODE = YES;
				CLANG_WARN__DUPLICATE_METHOD_MATCH = YES;
				CODE_SIGN_IDENTITY = "-";
				COPY_PHASE_STRIP = NO;
				DEBUG_INFORMATION_FORMAT = dwarf;
				ENABLE_STRICT_OBJC_MSGSEND = YES;
				ENABLE_TESTABILITY = YES;
				GCC_C_LANGUAGE_STANDARD = gnu99;
				GCC_DYNAMIC_NO_PIC = NO;
				GCC_NO_COMMON_BLOCKS = YES;
				GCC_OPTIMIZATION_LEVEL = 0;
				GCC_PREPROCESSOR_DEFINITIONS = (
					"DEBUG=1",
					"$(inherited)",
				);
				GCC_WARN_64_TO_32_BIT_CONVERSION = YES;
				GCC_WARN_ABOUT_RETURN_TYPE = YES_ERROR;
				GCC_WARN_UNDECLARED_SELECTOR = YES;
				GCC_WARN_UNINITIALIZED_AUTOS = YES_AGGRESSIVE;
				GCC_WARN_UNUSED_FUNCTION = YES;
				GCC_WARN_UNUSED_VARIABLE = YES;
				MACOSX_DEPLOYMENT_TARGET = 10.11;
				MTL_ENABLE_DEBUG_INFO = YES;
				ONLY_ACTIVE_ARCH = YES;
				SDKROOT = macosx;
				SWIFT_OPTIMIZATION_LEVEL = "-Onone";
			};
			name = Debug;
		};
		AEAF38C31B305E1500EFF030 /* Release */ = {
			isa = XCBuildConfiguration;
			buildSettings = {
				ALWAYS_SEARCH_USER_PATHS = NO;
				CLANG_CXX_LANGUAGE_STANDARD = "gnu++0x";
				CLANG_CXX_LIBRARY = "libc++";
				CLANG_ENABLE_MODULES = YES;
				CLANG_ENABLE_OBJC_ARC = YES;
				CLANG_WARN_BOOL_CONVERSION = YES;
				CLANG_WARN_CONSTANT_CONVERSION = YES;
				CLANG_WARN_DIRECT_OBJC_ISA_USAGE = YES_ERROR;
				CLANG_WARN_EMPTY_BODY = YES;
				CLANG_WARN_ENUM_CONVERSION = YES;
				CLANG_WARN_INT_CONVERSION = YES;
				CLANG_WARN_OBJC_ROOT_CLASS = YES_ERROR;
				CLANG_WARN_UNREACHABLE_CODE = YES;
				CLANG_WARN__DUPLICATE_METHOD_MATCH = YES;
				CODE_SIGN_IDENTITY = "-";
				COPY_PHASE_STRIP = NO;
				DEBUG_INFORMATION_FORMAT = "dwarf-with-dsym";
				ENABLE_NS_ASSERTIONS = NO;
				ENABLE_STRICT_OBJC_MSGSEND = YES;
				GCC_C_LANGUAGE_STANDARD = gnu99;
				GCC_NO_COMMON_BLOCKS = YES;
				GCC_WARN_64_TO_32_BIT_CONVERSION = YES;
				GCC_WARN_ABOUT_RETURN_TYPE = YES_ERROR;
				GCC_WARN_UNDECLARED_SELECTOR = YES;
				GCC_WARN_UNINITIALIZED_AUTOS = YES_AGGRESSIVE;
				GCC_WARN_UNUSED_FUNCTION = YES;
				GCC_WARN_UNUSED_VARIABLE = YES;
				MACOSX_DEPLOYMENT_TARGET = 10.11;
				MTL_ENABLE_DEBUG_INFO = NO;
				SDKROOT = macosx;
			};
			name = Release;
		};
		AEAF38C51B305E1500EFF030 /* Debug */ = {
			isa = XCBuildConfiguration;
			buildSettings = {
				ASSETCATALOG_COMPILER_APPICON_NAME = AppIcon;
				COMBINE_HIDPI_IMAGES = YES;
				INFOPLIST_FILE = Hnefatafl/Info.plist;
				LD_RUNPATH_SEARCH_PATHS = "$(inherited) @executable_path/../Frameworks";
				PRODUCT_BUNDLE_IDENTIFIER = com.yannickweiss.Hnefatafl;
				PRODUCT_NAME = "$(TARGET_NAME)";
			};
			name = Debug;
		};
		AEAF38C61B305E1500EFF030 /* Release */ = {
			isa = XCBuildConfiguration;
			buildSettings = {
				ASSETCATALOG_COMPILER_APPICON_NAME = AppIcon;
				COMBINE_HIDPI_IMAGES = YES;
				INFOPLIST_FILE = Hnefatafl/Info.plist;
				LD_RUNPATH_SEARCH_PATHS = "$(inherited) @executable_path/../Frameworks";
				PRODUCT_BUNDLE_IDENTIFIER = com.yannickweiss.Hnefatafl;
				PRODUCT_NAME = "$(TARGET_NAME)";
			};
			name = Release;
		};
		AEAF38C81B305E1500EFF030 /* Debug */ = {
			isa = XCBuildConfiguration;
			buildSettings = {
				BUNDLE_LOADER = "$(TEST_HOST)";
				COMBINE_HIDPI_IMAGES = YES;
				INFOPLIST_FILE = HnefataflTests/Info.plist;
				LD_RUNPATH_SEARCH_PATHS = "$(inherited) @executable_path/../Frameworks @loader_path/../Frameworks";
				PRODUCT_BUNDLE_IDENTIFIER = com.yannickweiss.HnefataflTests;
				PRODUCT_NAME = "$(TARGET_NAME)";
				TEST_HOST = "$(BUILT_PRODUCTS_DIR)/Hnefatafl.app/Contents/MacOS/Hnefatafl";
			};
			name = Debug;
		};
		AEAF38C91B305E1500EFF030 /* Release */ = {
			isa = XCBuildConfiguration;
			buildSettings = {
				BUNDLE_LOADER = "$(TEST_HOST)";
				COMBINE_HIDPI_IMAGES = YES;
				INFOPLIST_FILE = HnefataflTests/Info.plist;
				LD_RUNPATH_SEARCH_PATHS = "$(inherited) @executable_path/../Frameworks @loader_path/../Frameworks";
				PRODUCT_BUNDLE_IDENTIFIER = com.yannickweiss.HnefataflTests;
				PRODUCT_NAME = "$(TARGET_NAME)";
				TEST_HOST = "$(BUILT_PRODUCTS_DIR)/Hnefatafl.app/Contents/MacOS/Hnefatafl";
			};
			name = Release;
		};
/* End XCBuildConfiguration section */

/* Begin XCConfigurationList section */
		AEAF38A31B305E1500EFF030 /* Build configuration list for PBXProject "Hnefatafl" */ = {
			isa = XCConfigurationList;
			buildConfigurations = (
				AEAF38C21B305E1500EFF030 /* Debug */,
				AEAF38C31B305E1500EFF030 /* Release */,
			);
			defaultConfigurationIsVisible = 0;
			defaultConfigurationName = Release;
		};
		AEAF38C41B305E1500EFF030 /* Build configuration list for PBXNativeTarget "Hnefatafl" */ = {
			isa = XCConfigurationList;
			buildConfigurations = (
				AEAF38C51B305E1500EFF030 /* Debug */,
				AEAF38C61B305E1500EFF030 /* Release */,
			);
			defaultConfigurationIsVisible = 0;
			defaultConfigurationName = Release;
		};
		AEAF38C71B305E1500EFF030 /* Build configuration list for PBXNativeTarget "HnefataflTests" */ = {
			isa = XCConfigurationList;
			buildConfigurations = (
				AEAF38C81B305E1500EFF030 /* Debug */,
				AEAF38C91B305E1500EFF030 /* Release */,
			);
			defaultConfigurationIsVisible = 0;
			defaultConfigurationName = Release;
		};
/* End XCConfigurationList section */
	};
	rootObject = AEAF38A01B305E1500EFF030 /* Project object */;
}
